
Microsoft Visual Studio Solution File, Format Version 12.00
# Visual Studio 15
VisualStudioVersion = 15.0.28010.2016
MinimumVisualStudioVersion = 10.0.40219.1
Project("{FAE04EC0-301F-11D3-BF4B-00C04F79EFBC}") = "CokiSkoki", "CokiSkoki\CokiSkoki.csproj", "{BDB44FEC-3257-45B3-8F64-84B2A0A1464E}"
EndProject
Project("{FAE04EC0-301F-11D3-BF4B-00C04F79EFBC}") = "StudentsOrder", "StudentsOrder\StudentsOrder.csproj", "{03755479-6F21-42DC-B546-290481AA972A}"
EndProject
Project("{FAE04EC0-301F-11D3-BF4B-00C04F79EFBC}") = "HDNLToy", "HDNLToy\HDNLToy.csproj", "{4513A045-1C7C-4290-81D9-96D523A9C5AA}"
EndProject
Global
	GlobalSection(SolutionConfigurationPlatforms) = preSolution
		Debug|Any CPU = Debug|Any CPU
		Release|Any CPU = Release|Any CPU
	EndGlobalSection
	GlobalSection(ProjectConfigurationPlatforms) = postSolution
		{BDB44FEC-3257-45B3-8F64-84B2A0A1464E}.Debug|Any CPU.ActiveCfg = Debug|Any CPU
		{BDB44FEC-3257-45B3-8F64-84B2A0A1464E}.Debug|Any CPU.Build.0 = Debug|Any CPU
		{BDB44FEC-3257-45B3-8F64-84B2A0A1464E}.Release|Any CPU.ActiveCfg = Release|Any CPU
		{BDB44FEC-3257-45B3-8F64-84B2A0A1464E}.Release|Any CPU.Build.0 = Release|Any CPU
		{03755479-6F21-42DC-B546-290481AA972A}.Debug|Any CPU.ActiveCfg = Debug|Any CPU
		{03755479-6F21-42DC-B546-290481AA972A}.Debug|Any CPU.Build.0 = Debug|Any CPU
		{03755479-6F21-42DC-B546-290481AA972A}.Release|Any CPU.ActiveCfg = Release|Any CPU
		{03755479-6F21-42DC-B546-290481AA972A}.Release|Any CPU.Build.0 = Release|Any CPU
		{4513A045-1C7C-4290-81D9-96D523A9C5AA}.Debug|Any CPU.ActiveCfg = Debug|Any CPU
		{4513A045-1C7C-4290-81D9-96D523A9C5AA}.Debug|Any CPU.Build.0 = Debug|Any CPU
		{4513A045-1C7C-4290-81D9-96D523A9C5AA}.Release|Any CPU.ActiveCfg = Release|Any CPU
		{4513A045-1C7C-4290-81D9-96D523A9C5AA}.Release|Any CPU.Build.0 = Release|Any CPU
	EndGlobalSection
	GlobalSection(SolutionProperties) = preSolution
		HideSolutionNode = FALSE
	EndGlobalSection
	GlobalSection(ExtensibilityGlobals) = postSolution
		SolutionGuid = {E2E99FB4-8BEA-4804-BBB0-73A6E5F067A7}
	EndGlobalSection
EndGlobal
